
Microsoft Visual Studio Solution File, Format Version 12.00
# Visual Studio Version 17
VisualStudioVersion = 17.2.32616.157
MinimumVisualStudioVersion = 10.0.40219.1
Project("{9A19103F-16F7-4668-BE54-9A1E7A4F7556}") = "ConvertSVGtoVisio", "ConvertSVGtoVisio\ConvertSVGtoVisio.csproj", "{2053F02B-95AA-40DB-8A41-BDC89803FE78}"
EndProject
Project("{54435603-DBB4-11D2-8724-00A0C9A8B90C}") = "Setup1", "Setup1\Setup1.vdproj", "{EFB96120-29D7-46DE-803D-4C7DBC8303C4}"
EndProject
Global
	GlobalSection(SolutionConfigurationPlatforms) = preSolution
		Debug|Any CPU = Debug|Any CPU
		Release|Any CPU = Release|Any CPU
	EndGlobalSection
	GlobalSection(ProjectConfigurationPlatforms) = postSolution
		{2053F02B-95AA-40DB-8A41-BDC89803FE78}.Debug|Any CPU.ActiveCfg = Debug|Any CPU
		{2053F02B-95AA-40DB-8A41-BDC89803FE78}.Debug|Any CPU.Build.0 = Debug|Any CPU
		{2053F02B-95AA-40DB-8A41-BDC89803FE78}.Release|Any CPU.ActiveCfg = Release|Any CPU
		{2053F02B-95AA-40DB-8A41-BDC89803FE78}.Release|Any CPU.Build.0 = Release|Any CPU
		{EFB96120-29D7-46DE-803D-4C7DBC8303C4}.Debug|Any CPU.ActiveCfg = Debug
		{EFB96120-29D7-46DE-803D-4C7DBC8303C4}.Release|Any CPU.ActiveCfg = Release
	EndGlobalSection
	GlobalSection(SolutionProperties) = preSolution
		HideSolutionNode = FALSE
	EndGlobalSection
	GlobalSection(ExtensibilityGlobals) = postSolution
		SolutionGuid = {E8A70303-B1C5-4EA6-9533-7106AF1E7642}
	EndGlobalSection
EndGlobal
